lockfileVersion: '9.0'

settings:
  autoInstallPeers: true
  excludeLinksFromLockfile: false

importers:

  .:
    devDependencies:
      '@babel/generator':
        specifier: ^7.29.1
        version: 7.29.1
      '@babel/types':
        specifier: ^7.29.0
        version: 7.29.0
      '@logux/oxc-configs':
        specifier: ^0.4.0
        version: 0.4.0(oxlint-tsgolint@0.21.1)(oxlint@1.60.0(oxlint-tsgolint@0.21.1))(typescript@6.0.3)
      '@mdn/browser-compat-data':
        specifier: 7.3.12
        version: 7.3.12
      actions-up:
        specifier: ^1.14.1
        version: 1.14.1
      caniuse-db:
        specifier: 1.0.30001790
        version: 1.0.30001790
      clean-publish:
        specifier: ^6.0.5
        version: 6.0.5
      eslint-plugin-prefer-let:
        specifier: ^4.2.2
        version: 4.2.2
      oxlint:
        specifier: ^1.60.0
        version: 1.60.0(oxlint-tsgolint@0.21.1)
      oxlint-tsgolint:
        specifier: ^0.21.1
        version: 0.21.1
      typescript:
        specifier: ^6.0.3
        version: 6.0.3
      uvu:
        specifier: ^0.5.6
        version: 0.5.6

packages:

  '@babel/generator@7.29.1':
    resolution: {integrity: sha512-qsaF+9Qcm2Qv8SRIMMscAvG4O3lJ0F1GuMo5HR/Bp02LopNgnZBC/EkbevHFeGs4ls/oPz9v+Bsmzbkbe+0dUw==}
    engines: {node: '>=6.9.0'}

  '@babel/helper-string-parser@7.27.1':
    resolution: {integrity: sha512-qMlSxKbpRlAridDExk92nSobyDdpPijUq2DW6oDnUqd0iOGxmQjyqhMIihI9+zv4LPyZdRje2cavWPbCbWm3eA==}
    engines: {node: '>=6.9.0'}

  '@babel/helper-validator-identifier@7.28.5':
    resolution: {integrity: sha512-qSs4ifwzKJSV39ucNjsvc6WVHs6b7S03sOh2OcHF9UHfVPqWWALUsNUVzhSBiItjRZoLHx7nIarVjqKVusUZ1Q==}
    engines: {node: '>=6.9.0'}

  '@babel/parser@7.29.2':
    resolution: {integrity: sha512-4GgRzy/+fsBa72/RZVJmGKPmZu9Byn8o4MoLpmNe1m8ZfYnz5emHLQz3U4gLud6Zwl0RZIcgiLD7Uq7ySFuDLA==}
    engines: {node: '>=6.0.0'}
    hasBin: true

  '@babel/types@7.29.0':
    resolution: {integrity: sha512-LwdZHpScM4Qz8Xw2iKSzS+cfglZzJGvofQICy7W7v4caru4EaAmyUuO6BGrbyQ2mYV11W0U8j5mBhd14dd3B0A==}
    engines: {node: '>=6.9.0'}

  '@jridgewell/gen-mapping@0.3.13':
    resolution: {integrity: sha512-2kkt/7niJ6MgEPxF0bYdQ6etZaA+fQvDcLKckhy1yIQOzaoKjBBjSj63/aLVjYE3qhRt5dvM+uUyfCg6UKCBbA==}

  '@jridgewell/resolve-uri@3.1.2':
    resolution: {integrity: sha512-bRISgCIjP20/tbWSPWMEi54QVPRZExkuD9lJL+UIxUKtwVJA8wW1Trb1jMs1RFXo1CBTNZ/5hpC9QvmKWdopKw==}
    engines: {node: '>=6.0.0'}

  '@jridgewell/sourcemap-codec@1.5.5':
    resolution: {integrity: sha512-cYQ9310grqxueWbl+WuIUIaiUaDcj7WOq5fVhEljNVgRfOUhY9fy2zTvfoqWsnebh8Sl70VScFbICvJnLKB0Og==}

  '@jridgewell/trace-mapping@0.3.31':
    resolution: {integrity: sha512-zzNR+SdQSDJzc8joaeP8QQoCQr8NuYx2dIIytl1QeBEZHJ9uW6hebsrYgbz8hJwUQao3TWCMtmfV8Nu1twOLAw==}

  '@logux/oxc-configs@0.4.0':
    resolution: {integrity: sha512-iFwtOJ6b4//hpALzizQckrBwrhhuJ0RIckYvFGJjYodjA1+zJTjmaWKILUmDD6LlqGYGBPQxDfn8pTMx1EM7AA==}
    engines: {node: '>=22.0.0'}
    peerDependencies:
      oxlint: ^1.57.0
      oxlint-tsgolint: '>=0.18.1'
      typescript: ^6.0.2

  '@mdn/browser-compat-data@7.3.12':
    resolution: {integrity: sha512-4fon9cdqC0LpvKyYnDsqaQT0tGUqz/NdZqEZ23NUEAl5FtwQlJvlAjIpfve5p0yzgZXEmH5YDsQMZheBG+2SVQ==}

  '@oxlint-tsgolint/darwin-arm64@0.21.1':
    resolution: {integrity: sha512-7TLjyWe4wG9saJc992VWmaHq2hwKfOEEVTjheReXJXaDhavMZI4X9a6nKhbEng4IVkYtzjD2jw16vw2WFXLYLw==}
    cpu: [arm64]
    os: [darwin]

  '@oxlint-tsgolint/darwin-x64@0.21.1':
    resolution: {integrity: sha512-7wf9Wf75nTzA7zpL9myhFe2RKvfuqGUOADNvUooCjEWvh7hmPz3lSEqTMh5Z/VQhzsG04mM9ACyghxhRzq7zFw==}
    cpu: [x64]
    os: [darwin]

  '@oxlint-tsgolint/linux-arm64@0.21.1':
    resolution: {integrity: sha512-IPuQN/Vd0Rjklg/cCGBbQyUuRBp2f6LQXpZYwk5ivOR6V/+CgiYsv8pn/PVY7gjeyoNvPQrXB7xMjHUO2YZbdw==}
    cpu: [arm64]
    os: [linux]

  '@oxlint-tsgolint/linux-x64@0.21.1':
    resolution: {integrity: sha512-d1niGuTbh2qiv7dR7tqkbOcM5cIR63of0lMBFdEQavL1KrJV8zuRdwdi68K7MNGdgoR+J5A9ajpGGvsHwp1bPg==}
    cpu: [x64]
    os: [linux]

  '@oxlint-tsgolint/win32-arm64@0.21.1':
    resolution: {integrity: sha512-ICu9y2JLnFPvFqstnWPPNqBM8LK8BWw2OTeaR0UgEMm4hOSbrZAKv1/hwZYyiLqnCNjBL87AGSQIgTHCYlsipw==}
    cpu: [arm64]
    os: [win32]

  '@oxlint-tsgolint/win32-x64@0.21.1':
    resolution: {integrity: sha512-cTEFCFjCj6iXfrSHcvajSPNqhEA4TxSzU3gFxbdGSAUTNXGToU99IbdhWAPSbhcucoym0XE4Zl7E41NiSkNTug==}
    cpu: [x64]
    os: [win32]

  '@oxlint/binding-android-arm-eabi@1.60.0':
    resolution: {integrity: sha512-YdeJKaZckDQL1qa62a1aKq/goyq48aX3yOxaaWqWb4sau4Ee4IiLbamftNLU3zbePky6QsDj6thnSSzHRBjDfA==}
    engines: {node: ^20.19.0 || >=22.12.0}
    cpu: [arm]
    os: [android]

  '@oxlint/binding-android-arm64@1.60.0':
    resolution: {integrity: sha512-7ANS7PpXCfq84xZQ8E5WPs14gwcuPcl+/8TFNXfpSu0CQBXz3cUo2fDpHT8v8HJN+Ut02eacvMAzTnc9s6X4tw==}
    engines: {node: ^20.19.0 || >=22.12.0}
    cpu: [arm64]
    os: [android]

  '@oxlint/binding-darwin-arm64@1.60.0':
    resolution: {integrity: sha512-pJsgd9AfplLGBm1fIr25V6V14vMrayhx4uIQvlfH7jWs2SZwSrvi3TfgfJySB8T+hvyEH8K2zXljQiUnkgUnfQ==}
    engines: {node: ^20.19.0 || >=22.12.0}
    cpu: [arm64]
    os: [darwin]

  '@oxlint/binding-darwin-x64@1.60.0':
    resolution: {integrity: sha512-Ue1aXHX49ivwflKqGJc7zcd/LeLgbhaTcDCQStgx5x06AXgjEAZmvrlMuIkWd4AL4FHQe6QJ9f33z04Cg448VQ==}
    engines: {node: ^20.19.0 || >=22.12.0}
    cpu: [x64]
    os: [darwin]

  '@oxlint/binding-freebsd-x64@1.60.0':
    resolution: {integrity: sha512-YCyQzsQtusQw+gNRW9rRTifSO+Dt/+dtCl2NHoDMZqJlRTEZ/Oht9YnuporI9yiTx7+cB+eqzX3MtHHVHGIWhg==}
    engines: {node: ^20.19.0 || >=22.12.0}
    cpu: [x64]
    os: [freebsd]

  '@oxlint/binding-linux-arm-gnueabihf@1.60.0':
    resolution: {integrity: sha512-c7dxM2Zksa45Qw16i2iGY3Fti2NirJ38FrsBsKw+qcJ0OtqTsBgKJLF0xV+yLG56UH01Z8WRPgsw31e0MoRoGQ==}
    engines: {node: ^20.19.0 || >=22.12.0}
    cpu: [arm]
    os: [linux]

  '@oxlint/binding-linux-arm-musleabihf@1.60.0':
    resolution: {integrity: sha512-ZWALoA42UYqBEP1Tbw9OWURgFGS1nWj2AAvLdY6ZcGx/Gj93qVCBKjcvwXMupZibYwFbi9s/rzqkZseb/6gVtQ==}
    engines: {node: ^20.19.0 || >=22.12.0}
    cpu: [arm]
    os: [linux]

  '@oxlint/binding-linux-arm64-gnu@1.60.0':
    resolution: {integrity: sha512-tpy+1w4p9hN5CicMCxqNy6ymfRtV5ayE573vFNjp1k1TN/qhLFgflveZoE/0++RlkHikBz2vY545NWm/hp7big==}
    engines: {node: ^20.19.0 || >=22.12.0}
    cpu: [arm64]
    os: [linux]
    libc: [glibc]

  '@oxlint/binding-linux-arm64-musl@1.60.0':
    resolution: {integrity: sha512-eDYDXZGhQAXyn6GwtwiX/qcLS0HlOLPJ/+iiIY8RYr+3P8oKBmgKxADLlniL6FtWfE7pPk7IGN9/xvDEvDvFeg==}
    engines: {node: ^20.19.0 || >=22.12.0}
    cpu: [arm64]
    os: [linux]
    libc: [musl]

  '@oxlint/binding-linux-ppc64-gnu@1.60.0':
    resolution: {integrity: sha512-nxehly5XYBHUWI9VJX1bqCf9j/B43DaK/aS/T1fcxCpX3PA4Rm9BB54nPD1CKayT8xg6REN1ao+01hSRNgy8OA==}
    engines: {node: ^20.19.0 || >=22.12.0}
    cpu: [ppc64]
    os: [linux]
    libc: [glibc]

  '@oxlint/binding-linux-riscv64-gnu@1.60.0':
    resolution: {integrity: sha512-j1qf/NaUfOWQutjeoooNG1Q0zsK0XGmSu1uDLq3cctquRF3j7t9Hxqf/76ehCc5GEUAanth2W4Fa+XT1RFg/nw==}
    engines: {node: ^20.19.0 || >=22.12.0}
    cpu: [riscv64]
    os: [linux]
    libc: [glibc]

  '@oxlint/binding-linux-riscv64-musl@1.60.0':
    resolution: {integrity: sha512-YELKPRefQ/q/h3RUmeRfPCUhh2wBvgV1RyZ/F9M9u8cDyXsQW2ojv1DeWQTt466yczDITjZnIOg/s05pk7Ve2A==}
    engines: {node: ^20.19.0 || >=22.12.0}
    cpu: [riscv64]
    os: [linux]
    libc: [musl]

  '@oxlint/binding-linux-s390x-gnu@1.60.0':
    resolution: {integrity: sha512-JkO3C6Gki7Y6h/MiIkFKvHFOz98/YWvQ4WYbK9DLXACMP2rjULzkeGyAzorJE5S1dzLQGFgeqvN779kSFwoV1g==}
    engines: {node: ^20.19.0 || >=22.12.0}
    cpu: [s390x]
    os: [linux]
    libc: [glibc]

  '@oxlint/binding-linux-x64-gnu@1.60.0':
    resolution: {integrity: sha512-XjKHdFVCpZZZSWBCKyyqCq65s2AKXykMXkjLoKYODrD+f5toLhlwsMESscu8FbgnJQ4Y/dpR/zdazsahmgBJIA==}
    engines: {node: ^20.19.0 || >=22.12.0}
    cpu: [x64]
    os: [linux]
    libc: [glibc]

  '@oxlint/binding-linux-x64-musl@1.60.0':
    resolution: {integrity: sha512-js29ZWIuPhNWzY8NC7KoffEMEeWG105vbmm+8EOJsC+T/jHBiKIJEUF78+F/IrgEWMMP9N0kRND4Pp75+xAhKg==}
    engines: {node: ^20.19.0 || >=22.12.0}
    cpu: [x64]
    os: [linux]
    libc: [musl]

  '@oxlint/binding-openharmony-arm64@1.60.0':
    resolution: {integrity: sha512-H+PUITKHk04stFpWj3x3Kg08Afp/bcXSBi0EhasR5a0Vw7StXHTzdl655PUI0fB4qdh2Wsu6Dsi+3ACxPoyQnA==}
    engines: {node: ^20.19.0 || >=22.12.0}
    cpu: [arm64]
    os: [openharmony]

  '@oxlint/binding-win32-arm64-msvc@1.60.0':
    resolution: {integrity: sha512-WA/yc7f7ZfCefBXVzNHn1Ztulb1EFwNBb4jMZ6pjML0zz6pHujlF3Q3jySluz3XHl/GNeMTntG1seUBWVMlMag==}
    engines: {node: ^20.19.0 || >=22.12.0}
    cpu: [arm64]
    os: [win32]

  '@oxlint/binding-win32-ia32-msvc@1.60.0':
    resolution: {integrity: sha512-33YxL1sqwYNZXtn3MD/4dno6s0xeedXOJlT1WohkVD565WvohClZUr7vwKdAk954n4xiEWJkewiCr+zLeq7AeA==}
    engines: {node: ^20.19.0 || >=22.12.0}
    cpu: [ia32]
    os: [win32]

  '@oxlint/binding-win32-x64-msvc@1.60.0':
    resolution: {integrity: sha512-JOro4ZcfBLamJCyfURQmOQByoorgOdx3ZjAkSqnb/CyG/i+lN3KoV5LAgk5ZAW6DPq7/Cx7n23f8DuTWXTWgyQ==}
    engines: {node: ^20.19.0 || >=22.12.0}
    cpu: [x64]
    os: [win32]

  actions-up@1.14.1:
    resolution: {integrity: sha512-x/AfoJqpumNNEfFLLnzOZ/OxOuiiaEI8xDmNSEwCLJUZFkRZGHkS8OU91WztUh3jp50gvIN74PJDMEJZI4i4xQ==}
    engines: {node: ^18.0.0 || >=20.0.0}
    hasBin: true

  ansi-colors@4.1.3:
    resolution: {integrity: sha512-/6w/C21Pm1A7aZitlI5Ni/2J6FFQN8i1Cvz3kHABAAbw93v/NlvKdVOqz7CCWz/3iv/JplRSEEZ83XION15ovw==}
    engines: {node: '>=6'}

  ansi-regex@5.0.1:
    resolution: {integrity: sha512-quJQXlTSUGL2LH9SUXo8VwsY4soanhgo6LNSm84E1LBcE8s3O0wpdiRzyR9z/ZZJMlMWv37qOOb9pdJlMUEKFQ==}
    engines: {node: '>=8'}

  cac@7.0.0:
    resolution: {integrity: sha512-tixWYgm5ZoOD+3g6UTea91eow5z6AAHaho3g0V9CNSNb45gM8SmflpAc+GRd1InC4AqN/07Unrgp56Y94N9hJQ==}
    engines: {node: '>=20.19.0'}

  caniuse-db@1.0.30001790:
    resolution: {integrity: sha512-aKUq1nNEG2vsq/F7Zde8swj8WVOZ0BDPU9kmRKu/sgSsPou4KjHOmU4k5F6ZltGZXlB7ZVIOE35g7OCq8vtABg==}

  clean-publish@6.0.5:
    resolution: {integrity: sha512-Iqm/EDPQFLY0I8kktg61Nt8V/5fiXYNkNR5UsHcLKmj4vp7a0a7EGZmNEbN2Hg77frQlHNljT/MruK5Wr/Rtog==}
    engines: {node: '>= 20.0.0'}
    hasBin: true

  dequal@2.0.3:
    resolution: {integrity: sha512-0je+qPKHEMohvfRTCEo3CrPG6cAzAYgmzKyxRiYSSDkS6eGJdyVJm7WaYA5ECaAD9wLB2T4EEeymA5aFVcYXCA==}
    engines: {node: '>=6'}

  diff@5.2.2:
    resolution: {integrity: sha512-vtcDfH3TOjP8UekytvnHH1o1P4FcUdt4eQ1Y+Abap1tk/OB2MWQvcwS2ClCd1zuIhc3JKOx6p3kod8Vfys3E+A==}
    engines: {node: '>=0.3.1'}

  enquirer@2.4.1:
    resolution: {integrity: sha512-rRqJg/6gd538VHvR3PSrdRBb/1Vy2YfzHqzvbhGIQpDRKIa4FgV/54b5Q1xYSxOOwKvjXweS26E0Q+nAMwp2pQ==}
    engines: {node: '>=8.6'}

  eslint-plugin-prefer-let@4.2.2:
    resolution: {integrity: sha512-FkCmQwZtc4nf6EKDKEYW/lWtApDXxsJA/VXWQQemLhIWWho676CJdgt53AMubOrSOTzzep0dBMP9zVFCCCdxsw==}
    engines: {node: '>=0.10.0'}

  fdir@6.5.0:
    resolution: {integrity: sha512-tIbYtZbucOs0BRGqPJkshJUYdL+SDH7dVM8gjy+ERp3WAUjLEFJE+02kanyHtwjWOnwrKYBiwAmM0p4kLJAnXg==}
    engines: {node: '>=12.0.0'}
    peerDependencies:
      picomatch: ^3 || ^4
    peerDependenciesMeta:
      picomatch:
        optional: true

  jsesc@3.1.0:
    resolution: {integrity: sha512-/sM3dO2FOzXjKQhJuo0Q173wf2KOo8t4I8vHy6lF9poUp7bKT0/NHE8fPX23PwfhnykfqnC2xRxOnVw5XuGIaA==}
    engines: {node: '>=6'}
    hasBin: true

  kleur@4.1.5:
    resolution: {integrity: sha512-o+NO+8WrRiQEE4/7nwRJhN1HWpVmJm511pBHUxPLtp0BUISzlBplORYSmTclCnJvQq2tKu/sgl3xVpkc7ZWuQQ==}
    engines: {node: '>=6'}

  lilconfig@3.1.3:
    resolution: {integrity: sha512-/vlFKAoH5Cgt3Ie+JLhRbwOsCQePABiU3tJ1egGvyQ+33R/vcwM2Zl2QR/LzjsBeItPt3oSVXapn+m4nQDvpzw==}
    engines: {node: '>=14'}

  mri@1.2.0:
    resolution: {integrity: sha512-tzzskb3bG8LvYGFF/mDTpq3jpI6Q9wc3LEmBaghu+DdCssd1FakN7Bc0hVNmEyGq1bq3RgfkCb3cmQLpNPOroA==}
    engines: {node: '>=4'}

  nanospinner@1.2.2:
    resolution: {integrity: sha512-Zt/AmG6qRU3e+WnzGGLuMCEAO/dAu45stNbHY223tUxldaDAeE+FxSPsd9Q+j+paejmm0ZbrNVs5Sraqy3dRxA==}

  oxlint-tsgolint@0.21.1:
    resolution: {integrity: sha512-O2hxiT14C2HJkwzBU6CQBFPoagSd/IcV+Tt3e3UUaXFwbW4BO5DSDPSSboc3UM5MIDY+MLyepvtQwBQafNxWdw==}
    hasBin: true

  oxlint@1.60.0:
    resolution: {integrity: sha512-tnRzTWiWJ9pg3ftRWnD0+Oqh78L6ZSwcEudvCZaER0PIqiAnNyXj5N1dPwjmNpDalkKS9m/WMLN1CTPUBPmsgw==}
    engines: {node: ^20.19.0 || >=22.12.0}
    hasBin: true
    peerDependencies:
      oxlint-tsgolint: '>=0.18.0'
    peerDependenciesMeta:
      oxlint-tsgolint:
        optional: true

  picocolors@1.1.1:
    resolution: {integrity: sha512-xceH2snhtb5M9liqDsmEw56le376mTZkEX/jEb/RxNFyegNul7eNslCXP9FDj/Lcu0X8KEyMceP2ntpaHrDEVA==}

  picomatch@4.0.4:
    resolution: {integrity: sha512-QP88BAKvMam/3NxH6vj2o21R6MjxZUAd6nlwAS/pnGvN9IVLocLHxGYIzFhg6fUQ+5th6P4dv4eW9jX3DSIj7A==}
    engines: {node: '>=12'}

  requireindex@1.2.0:
    resolution: {integrity: sha512-L9jEkOi3ASd9PYit2cwRfyppc9NoABujTP8/5gFcbERmo5jUoAKovIC3fsF17pkTnGsrByysqX+Kxd2OTNI1ww==}
    engines: {node: '>=0.10.5'}

  sade@1.8.1:
    resolution: {integrity: sha512-xal3CZX1Xlo/k4ApwCFrHVACi9fBqJ7V+mwhBsuf/1IOKbBy098Fex+Wa/5QMubw09pSZ/u8EY8PWgevJsXp1A==}
    engines: {node: '>=6'}

  semver@7.7.4:
    resolution: {integrity: sha512-vFKC2IEtQnVhpT78h1Yp8wzwrf8CM+MzKMHGJZfBtzhZNycRFnXsHk6E5TxIkkMsgNS7mdX3AGB7x2QM2di4lA==}
    engines: {node: '>=10'}
    hasBin: true

  strip-ansi@6.0.1:
    resolution: {integrity: sha512-Y38VPSHcqkFrCpFnQ9vuSXmquuv5oXOKpGeT6aGrr3o3Gc9AlVa6JBfUSOCnbxGGZF+/0ooI7KrPuUSztUdU5A==}
    engines: {node: '>=8'}

  tinyexec@1.1.1:
    resolution: {integrity: sha512-VKS/ZaQhhkKFMANmAOhhXVoIfBXblQxGX1myCQ2faQrfmobMftXeJPcZGp0gS07ocvGJWDLZGyOZDadDBqYIJg==}
    engines: {node: '>=18'}

  tinyglobby@0.2.16:
    resolution: {integrity: sha512-pn99VhoACYR8nFHhxqix+uvsbXineAasWm5ojXoN8xEwK5Kd3/TrhNn1wByuD52UxWRLy8pu+kRMniEi6Eq9Zg==}
    engines: {node: '>=12.0.0'}

  typescript@6.0.3:
    resolution: {integrity: sha512-y2TvuxSZPDyQakkFRPZHKFm+KKVqIisdg9/CZwm9ftvKXLP8NRWj38/ODjNbr43SsoXqNuAisEf1GdCxqWcdBw==}
    engines: {node: '>=14.17'}
    hasBin: true

  uvu@0.5.6:
    resolution: {integrity: sha512-+g8ENReyr8YsOc6fv/NVJs2vFdHBnBNdfE49rshrTzDWOlUx4Gq7KOS2GD8eqhy2j+Ejq29+SbKH8yjkAqXqoA==}
    engines: {node: '>=8'}
    hasBin: true

  yaml@2.8.3:
    resolution: {integrity: sha512-AvbaCLOO2Otw/lW5bmh9d/WEdcDFdQp2Z2ZUH3pX9U2ihyUY0nvLv7J6TrWowklRGPYbB/IuIMfYgxaCPg5Bpg==}
    engines: {node: '>= 14.6'}
    hasBin: true

snapshots:

  '@babel/generator@7.29.1':
    dependencies:
      '@babel/parser': 7.29.2
      '@babel/types': 7.29.0
      '@jridgewell/gen-mapping': 0.3.13
      '@jridgewell/trace-mapping': 0.3.31
      jsesc: 3.1.0

  '@babel/helper-string-parser@7.27.1': {}

  '@babel/helper-validator-identifier@7.28.5': {}

  '@babel/parser@7.29.2':
    dependencies:
      '@babel/types': 7.29.0

  '@babel/types@7.29.0':
    dependencies:
      '@babel/helper-string-parser': 7.27.1
      '@babel/helper-validator-identifier': 7.28.5

  '@jridgewell/gen-mapping@0.3.13':
    dependencies:
      '@jridgewell/sourcemap-codec': 1.5.5
      '@jridgewell/trace-mapping': 0.3.31

  '@jridgewell/resolve-uri@3.1.2': {}

  '@jridgewell/sourcemap-codec@1.5.5': {}

  '@jridgewell/trace-mapping@0.3.31':
    dependencies:
      '@jridgewell/resolve-uri': 3.1.2
      '@jridgewell/sourcemap-codec': 1.5.5

  '@logux/oxc-configs@0.4.0(oxlint-tsgolint@0.21.1)(oxlint@1.60.0(oxlint-tsgolint@0.21.1))(typescript@6.0.3)':
    dependencies:
      eslint-plugin-prefer-let: 4.2.2
      oxlint: 1.60.0(oxlint-tsgolint@0.21.1)
      oxlint-tsgolint: 0.21.1
      typescript: 6.0.3

  '@mdn/browser-compat-data@7.3.12': {}

  '@oxlint-tsgolint/darwin-arm64@0.21.1':
    optional: true

  '@oxlint-tsgolint/darwin-x64@0.21.1':
    optional: true

  '@oxlint-tsgolint/linux-arm64@0.21.1':
    optional: true

  '@oxlint-tsgolint/linux-x64@0.21.1':
    optional: true

  '@oxlint-tsgolint/win32-arm64@0.21.1':
    optional: true

  '@oxlint-tsgolint/win32-x64@0.21.1':
    optional: true

  '@oxlint/binding-android-arm-eabi@1.60.0':
    optional: true

  '@oxlint/binding-android-arm64@1.60.0':
    optional: true

  '@oxlint/binding-darwin-arm64@1.60.0':
    optional: true

  '@oxlint/binding-darwin-x64@1.60.0':
    optional: true

  '@oxlint/binding-freebsd-x64@1.60.0':
    optional: true

  '@oxlint/binding-linux-arm-gnueabihf@1.60.0':
    optional: true

  '@oxlint/binding-linux-arm-musleabihf@1.60.0':
    optional: true

  '@oxlint/binding-linux-arm64-gnu@1.60.0':
    optional: true

  '@oxlint/binding-linux-arm64-musl@1.60.0':
    optional: true

  '@oxlint/binding-linux-ppc64-gnu@1.60.0':
    optional: true

  '@oxlint/binding-linux-riscv64-gnu@1.60.0':
    optional: true

  '@oxlint/binding-linux-riscv64-musl@1.60.0':
    optional: true

  '@oxlint/binding-linux-s390x-gnu@1.60.0':
    optional: true

  '@oxlint/binding-linux-x64-gnu@1.60.0':
    optional: true

  '@oxlint/binding-linux-x64-musl@1.60.0':
    optional: true

  '@oxlint/binding-openharmony-arm64@1.60.0':
    optional: true

  '@oxlint/binding-win32-arm64-msvc@1.60.0':
    optional: true

  '@oxlint/binding-win32-ia32-msvc@1.60.0':
    optional: true

  '@oxlint/binding-win32-x64-msvc@1.60.0':
    optional: true

  actions-up@1.14.1:
    dependencies:
      cac: 7.0.0
      enquirer: 2.4.1
      nanospinner: 1.2.2
      picocolors: 1.1.1
      semver: 7.7.4
      yaml: 2.8.3

  ansi-colors@4.1.3: {}

  ansi-regex@5.0.1: {}

  cac@7.0.0: {}

  caniuse-db@1.0.30001790: {}

  clean-publish@6.0.5:
    dependencies:
      lilconfig: 3.1.3
      picomatch: 4.0.4
      tinyexec: 1.1.1
      tinyglobby: 0.2.16

  dequal@2.0.3: {}

  diff@5.2.2: {}

  enquirer@2.4.1:
    dependencies:
      ansi-colors: 4.1.3
      strip-ansi: 6.0.1

  eslint-plugin-prefer-let@4.2.2:
    dependencies:
      requireindex: 1.2.0

  fdir@6.5.0(picomatch@4.0.4):
    optionalDependencies:
      picomatch: 4.0.4

  jsesc@3.1.0: {}

  kleur@4.1.5: {}

  lilconfig@3.1.3: {}

  mri@1.2.0: {}

  nanospinner@1.2.2:
    dependencies:
      picocolors: 1.1.1

  oxlint-tsgolint@0.21.1:
    optionalDependencies:
      '@oxlint-tsgolint/darwin-arm64': 0.21.1
      '@oxlint-tsgolint/darwin-x64': 0.21.1
      '@oxlint-tsgolint/linux-arm64': 0.21.1
      '@oxlint-tsgolint/linux-x64': 0.21.1
      '@oxlint-tsgolint/win32-arm64': 0.21.1
      '@oxlint-tsgolint/win32-x64': 0.21.1

  oxlint@1.60.0(oxlint-tsgolint@0.21.1):
    optionalDependencies:
      '@oxlint/binding-android-arm-eabi': 1.60.0
      '@oxlint/binding-android-arm64': 1.60.0
      '@oxlint/binding-darwin-arm64': 1.60.0
      '@oxlint/binding-darwin-x64': 1.60.0
      '@oxlint/binding-freebsd-x64': 1.60.0
      '@oxlint/binding-linux-arm-gnueabihf': 1.60.0
      '@oxlint/binding-linux-arm-musleabihf': 1.60.0
      '@oxlint/binding-linux-arm64-gnu': 1.60.0
      '@oxlint/binding-linux-arm64-musl': 1.60.0
      '@oxlint/binding-linux-ppc64-gnu': 1.60.0
      '@oxlint/binding-linux-riscv64-gnu': 1.60.0
      '@oxlint/binding-linux-riscv64-musl': 1.60.0
      '@oxlint/binding-linux-s390x-gnu': 1.60.0
      '@oxlint/binding-linux-x64-gnu': 1.60.0
      '@oxlint/binding-linux-x64-musl': 1.60.0
      '@oxlint/binding-openharmony-arm64': 1.60.0
      '@oxlint/binding-win32-arm64-msvc': 1.60.0
      '@oxlint/binding-win32-ia32-msvc': 1.60.0
      '@oxlint/binding-win32-x64-msvc': 1.60.0
      oxlint-tsgolint: 0.21.1

  picocolors@1.1.1: {}

  picomatch@4.0.4: {}

  requireindex@1.2.0: {}

  sade@1.8.1:
    dependencies:
      mri: 1.2.0

  semver@7.7.4: {}

  strip-ansi@6.0.1:
    dependencies:
      ansi-regex: 5.0.1

  tinyexec@1.1.1: {}

  tinyglobby@0.2.16:
    dependencies:
      fdir: 6.5.0(picomatch@4.0.4)
      picomatch: 4.0.4

  typescript@6.0.3: {}

  uvu@0.5.6:
    dependencies:
      dequal: 2.0.3
      diff: 5.2.2
      kleur: 4.1.5
      sade: 1.8.1

  yaml@2.8.3: {}
