lockfileVersion: '9.0'

settings:
  autoInstallPeers: true
  excludeLinksFromLockfile: false

importers:

  .:
    devDependencies:
      '@babel/generator':
        specifier: ^7.29.7
        version: 7.29.7
      '@babel/types':
        specifier: ^7.29.7
        version: 7.29.7
      '@logux/oxc-configs':
        specifier: ^0.4.1
        version: 0.4.1(oxlint-tsgolint@0.24.0)(oxlint@1.73.0(oxlint-tsgolint@0.24.0))(typescript@7.0.2)
      '@mdn/browser-compat-data':
        specifier: 8.0.6
        version: 8.0.6
      actions-up:
        specifier: ^1.16.0
        version: 1.16.0
      caniuse-db:
        specifier: 1.0.30001806
        version: 1.0.30001806
      eslint-plugin-prefer-let:
        specifier: ^4.2.2
        version: 4.2.2
      oxlint:
        specifier: ^1.73.0
        version: 1.73.0(oxlint-tsgolint@0.24.0)
      oxlint-tsgolint:
        specifier: ^0.24.0
        version: 0.24.0
      typescript:
        specifier: ^7.0.2
        version: 7.0.2
      uvu:
        specifier: ^0.5.6
        version: 0.5.6

packages:

  '@babel/generator@7.29.7':
    resolution: {integrity: sha512-DkXD5OJQaAQIdZ1bt3UZdEnHAn9Imd3IVBdX03UFe+ony9Ojw5pzr9YVKGDY1jt+Gcn/FnGkNf8r+Vj5NOJWtQ==}
    engines: {node: '>=6.9.0'}

  '@babel/helper-string-parser@7.29.7':
    resolution: {integrity: sha512-Pb5ijPrZ89GDH8223L4UP8i6QApWxs04RbPQJTeWDV0/keR2E36MeKnyr6LYmUUvqRRI+Iv87SuF1W6ErINzYw==}
    engines: {node: '>=6.9.0'}

  '@babel/helper-validator-identifier@7.29.7':
    resolution: {integrity: sha512-qehxGkRj55h/ff8EMaJ+cYhyaKlHIxqYDn682wQD7RNp9UujOQsHog2uS0r2vzr4pW+sXf90NeeayjcNaX3fFg==}
    engines: {node: '>=6.9.0'}

  '@babel/parser@7.29.7':
    resolution: {integrity: sha512-hnORnjP/1P/zFEndoeX+n+t1RwWRJiJpM/jO7FW32Kn9r5+sJB2JWOdYo4L6k78j15eCwY3Gm/7364B1EMwtNg==}
    engines: {node: '>=6.0.0'}
    hasBin: true

  '@babel/types@7.29.7':
    resolution: {integrity: sha512-4zBIxpPzowiZpusoFkyGVwakdRJUyuH5PxQ/PrqghfdFWWasvnCdPfQXHrenDai+gyLARulZjZowCOj6fjT4pA==}
    engines: {node: '>=6.9.0'}

  '@jridgewell/gen-mapping@0.3.13':
    resolution: {integrity: sha512-2kkt/7niJ6MgEPxF0bYdQ6etZaA+fQvDcLKckhy1yIQOzaoKjBBjSj63/aLVjYE3qhRt5dvM+uUyfCg6UKCBbA==}

  '@jridgewell/resolve-uri@3.1.2':
    resolution: {integrity: sha512-bRISgCIjP20/tbWSPWMEi54QVPRZExkuD9lJL+UIxUKtwVJA8wW1Trb1jMs1RFXo1CBTNZ/5hpC9QvmKWdopKw==}
    engines: {node: '>=6.0.0'}

  '@jridgewell/sourcemap-codec@1.5.5':
    resolution: {integrity: sha512-cYQ9310grqxueWbl+WuIUIaiUaDcj7WOq5fVhEljNVgRfOUhY9fy2zTvfoqWsnebh8Sl70VScFbICvJnLKB0Og==}

  '@jridgewell/trace-mapping@0.3.31':
    resolution: {integrity: sha512-zzNR+SdQSDJzc8joaeP8QQoCQr8NuYx2dIIytl1QeBEZHJ9uW6hebsrYgbz8hJwUQao3TWCMtmfV8Nu1twOLAw==}

  '@logux/oxc-configs@0.4.1':
    resolution: {integrity: sha512-r17Vrl/UKbMveIBZTc0mMBRQthc/Da6WchEDVe5c+wob+wg5XRHn6m6/ap8svkZ6y/u42Y/ayg2KIunMgtz75Q==}
    engines: {node: '>=22.0.0'}
    peerDependencies:
      oxlint: ^1.57.0
      oxlint-tsgolint: '>=0.18.1'
      typescript: ^6.0.2 || ^7.0.0

  '@mdn/browser-compat-data@8.0.6':
    resolution: {integrity: sha512-MSn1Xz9EQyV7A/6Rx8HFCxUFKbcU7VSfo9lcxzd32658YTy0U42NBf3CRiXiSBmTFVB8quj1FrhRfnXmf2JLOQ==}

  '@oxlint-tsgolint/darwin-arm64@0.24.0':
    resolution: {integrity: sha512-C2uMmwK5Bc4ri4ysZ6sA8Rcu+A5zBQTp6ml2u0CLLbRZp4kMFPV3yWk8B5DK9Aw7y9bbjogIm75tUwGLFzlsYQ==}
    cpu: [arm64]
    os: [darwin]

  '@oxlint-tsgolint/darwin-x64@0.24.0':
    resolution: {integrity: sha512-Wgvt/1lRbDxmoNqWQKKcL+UIiqLmdJ+EWLpQa1qzoNVAfNB0PJpa82/8dH1twT/3rSs4zrP5TXPWl4juB71WuQ==}
    cpu: [x64]
    os: [darwin]

  '@oxlint-tsgolint/linux-arm64@0.24.0':
    resolution: {integrity: sha512-PB1rxII7KV83+ASY4sSkXtqvpij6ME66+QCRL49uksi/ofs2Rf/UVboYr095n0Rkbl2wgvlsHGl6DHC361jQUQ==}
    cpu: [arm64]
    os: [linux]

  '@oxlint-tsgolint/linux-x64@0.24.0':
    resolution: {integrity: sha512-xcz3CxKmjTQLREtE/UShh+ruWmm9nAb7UM9zKcD65BStiuYgOakAKkPHl4YS5DztpVcDrE0+HqbOolTlRKYWmw==}
    cpu: [x64]
    os: [linux]

  '@oxlint-tsgolint/win32-arm64@0.24.0':
    resolution: {integrity: sha512-A2i6ZGBec3i20S7RaxkgHc6r3HYtD5Mn7j/mb22NkTz14u0JuudvTu6JggAnbGMcv8+dBKQI//EasxSPJLD8pw==}
    cpu: [arm64]
    os: [win32]

  '@oxlint-tsgolint/win32-x64@0.24.0':
    resolution: {integrity: sha512-0ZbGd9qRB6zs82moekaKdEvncRANq49EAwfNX62JpTS46feXUhKAuoyVDvZMj6Rywejylrmmu79Wo6faYCo4Ew==}
    cpu: [x64]
    os: [win32]

  '@oxlint/binding-android-arm-eabi@1.73.0':
    resolution: {integrity: sha512-HZQRN/UMBu+Ut+/9MiAChkbP4qZqrNOWBcNI45vOT40GVhbGR0JgHB87L48D4iAqFQIdVmeQYtV9RF89AjTKkg==}
    engines: {node: ^20.19.0 || >=22.12.0}
    cpu: [arm]
    os: [android]

  '@oxlint/binding-android-arm64@1.73.0':
    resolution: {integrity: sha512-Gp+KJRylv2aW7thRpG5p1KTxZq4ZJFbWowrKzufNq9d3ssl3r3JviYV45/+p+7CN1Nv0zDd1e8Ex0b/HUDq4TQ==}
    engines: {node: ^20.19.0 || >=22.12.0}
    cpu: [arm64]
    os: [android]

  '@oxlint/binding-darwin-arm64@1.73.0':
    resolution: {integrity: sha512-3de96NdtXhxERMjIz7wsp2HYMY6pMQycGxFWac2mFecAx6VeARF/IqFb1QIaqiCRIdfzBwzTed+pCTCoiS+CYA==}
    engines: {node: ^20.19.0 || >=22.12.0}
    cpu: [arm64]
    os: [darwin]

  '@oxlint/binding-darwin-x64@1.73.0':
    resolution: {integrity: sha512-5zx/uPW32TiaOeVY1dQ/H5iOf0K1HOdFKOJhLqGl4o63+i1fpzoqqu/mKtd7OFgFjNCdhlyTGgjVkQTZm1ELcg==}
    engines: {node: ^20.19.0 || >=22.12.0}
    cpu: [x64]
    os: [darwin]

  '@oxlint/binding-freebsd-x64@1.73.0':
    resolution: {integrity: sha512-qNe4gKHaGnLuZJ8toUg90JAa0S2vTVvDw+0bRi3q1avXZXDT4u5mMeECf3nD4HYrbdn1O7dXqWut4onY/yx/Xg==}
    engines: {node: ^20.19.0 || >=22.12.0}
    cpu: [x64]
    os: [freebsd]

  '@oxlint/binding-linux-arm-gnueabihf@1.73.0':
    resolution: {integrity: sha512-cCehYh5hTbfShm/fxTD6wwrGUWIpvX+N5OxmAMhFhDeTGXvw+BeNj889tpxsFQ9ZLatQ6wImuY8tsKLZ+FMz7w==}
    engines: {node: ^20.19.0 || >=22.12.0}
    cpu: [arm]
    os: [linux]

  '@oxlint/binding-linux-arm-musleabihf@1.73.0':
    resolution: {integrity: sha512-d5j5GDU/2dMgjVhw7TQT9ITrsIr1Y02KEXKyVGIXUkD+KiaxE9TP65FS2ZdgTBemQvoRL+gSBdbrIm3cQIeacg==}
    engines: {node: ^20.19.0 || >=22.12.0}
    cpu: [arm]
    os: [linux]

  '@oxlint/binding-linux-arm64-gnu@1.73.0':
    resolution: {integrity: sha512-Eyf1SrP3+yR1DI3OJgOY2Pvrr9dWP9TK37xPaDYycwTtlGlI45erJAVIfH5/m/xosDt6BupJYEFi47bvbTuuyw==}
    engines: {node: ^20.19.0 || >=22.12.0}
    cpu: [arm64]
    os: [linux]
    libc: [glibc]

  '@oxlint/binding-linux-arm64-musl@1.73.0':
    resolution: {integrity: sha512-IlT/OJApEDKaMmCooHuncgJZbbCe7T5QIWmTZBEtYscWvzPQuuEinVcid6kwQRVQOUdb7PUCz4jQHnaYXdfJXw==}
    engines: {node: ^20.19.0 || >=22.12.0}
    cpu: [arm64]
    os: [linux]
    libc: [musl]

  '@oxlint/binding-linux-ppc64-gnu@1.73.0':
    resolution: {integrity: sha512-L+JYcb/vdg5fmcH08V6o0YYLU28cTH1SPNulwJdvK9NK49aXSkYy6oNpKBmddArVOXYqNepriDGiZ04G54kh1Q==}
    engines: {node: ^20.19.0 || >=22.12.0}
    cpu: [ppc64]
    os: [linux]
    libc: [glibc]

  '@oxlint/binding-linux-riscv64-gnu@1.73.0':
    resolution: {integrity: sha512-Qtk0g3bKV6OwWjIm7R8kQN1uOZRKQt/MODK2a8QfkwhTpXBD53ozx5XLVWLGDQAVyp2otLW4D2wB98XfAfMPGA==}
    engines: {node: ^20.19.0 || >=22.12.0}
    cpu: [riscv64]
    os: [linux]
    libc: [glibc]

  '@oxlint/binding-linux-riscv64-musl@1.73.0':
    resolution: {integrity: sha512-wX0NQKZVxltkAOVmzFcpOaMpdaUvsq1Eqpx9tkAfl71UdkTlSo1R4AdAnGccR1Fm2+TzFgZ22CyyGuZ41RDr/A==}
    engines: {node: ^20.19.0 || >=22.12.0}
    cpu: [riscv64]
    os: [linux]
    libc: [musl]

  '@oxlint/binding-linux-s390x-gnu@1.73.0':
    resolution: {integrity: sha512-vPe7UGBMWyiLTtnqS4xxgMQFSFGmtQwhwCxuiw6lXygaO6bVt0D8dFVg8Xv05eaiN3ybC0HXXHUAohFMFvqoCQ==}
    engines: {node: ^20.19.0 || >=22.12.0}
    cpu: [s390x]
    os: [linux]
    libc: [glibc]

  '@oxlint/binding-linux-x64-gnu@1.73.0':
    resolution: {integrity: sha512-2CwIWr9cemFC/CbRBWZvuk5mffz6ObmfFkfcC/9rTQ7f+icNhYr2kOjf9Rt8lLvugvkdGDOmkoVoFFHh6ClCTw==}
    engines: {node: ^20.19.0 || >=22.12.0}
    cpu: [x64]
    os: [linux]
    libc: [glibc]

  '@oxlint/binding-linux-x64-musl@1.73.0':
    resolution: {integrity: sha512-nDadfJgg7NBBxG0N560wOe7LLX5QiYp6qBaI7viuk5EUORFBktU/NfV0MbTqU3gTqQDCh4VyxKdo5VADxk9w8Q==}
    engines: {node: ^20.19.0 || >=22.12.0}
    cpu: [x64]
    os: [linux]
    libc: [musl]

  '@oxlint/binding-openharmony-arm64@1.73.0':
    resolution: {integrity: sha512-wGjJC+NLH9xP+IKGn9RDW94ojJR/wPbg5WCnQjj/oReaOtCQthr8ws1zICe77JFmo4ouUdeTHHZL/ESGiF6Pmw==}
    engines: {node: ^20.19.0 || >=22.12.0}
    cpu: [arm64]
    os: [openharmony]

  '@oxlint/binding-win32-arm64-msvc@1.73.0':
    resolution: {integrity: sha512-I7X47GPGljw225YUQ5SbC/rb1Kkdrd0yQf0x+hYxeKS6DpfjMbo9ccQPQ6LNY6BoJQ1sHhgDUGuMn5Vg5gHT6w==}
    engines: {node: ^20.19.0 || >=22.12.0}
    cpu: [arm64]
    os: [win32]

  '@oxlint/binding-win32-ia32-msvc@1.73.0':
    resolution: {integrity: sha512-5lWj+3h+74Fm1jYOO9qkJA4xkAlZA099DkXppuXsk7UpnpZLttsefrZU469vChGaG6hcSqrkKXQOvMTZtbjeNg==}
    engines: {node: ^20.19.0 || >=22.12.0}
    cpu: [ia32]
    os: [win32]

  '@oxlint/binding-win32-x64-msvc@1.73.0':
    resolution: {integrity: sha512-WaNRvh4f6zY9CvUQk2YoA1O90ieWrIklI84+HXFr9Isjz9CSESrdqo/RtIYt4Dll/cAchqGDMehfaZd0vqEFZw==}
    engines: {node: ^20.19.0 || >=22.12.0}
    cpu: [x64]
    os: [win32]

  '@typescript/typescript-aix-ppc64@7.0.2':
    resolution: {integrity: sha512-MTKKkWB7p/0E9xi1d1tHtZ5PiLkGEMIq88pK2CubZjOsLtYTLqhgIgi6zepFa+9GHZ6h05NMCkQxGKiPXMxXtQ==}
    engines: {node: '>=16.20.0'}
    cpu: [ppc64]
    os: [aix]

  '@typescript/typescript-darwin-arm64@7.0.2':
    resolution: {integrity: sha512-gowzar9MwS/aRWp6f3a4KUqzRjAZjOsmGNCM6LcTgXum+dBfgsBVMN+AgvOCCbguXyick6LJhpBszxMebJ8syA==}
    engines: {node: '>=16.20.0'}
    cpu: [arm64]
    os: [darwin]

  '@typescript/typescript-darwin-x64@7.0.2':
    resolution: {integrity: sha512-SZ9xZInqApNlNGc9s0W1VSsktYSOe9cFqNOIqmN1Gs8SmkjKZYFt017G4VwPxASInODuAdbTW7sXiFUf893RgA==}
    engines: {node: '>=16.20.0'}
    cpu: [x64]
    os: [darwin]

  '@typescript/typescript-freebsd-arm64@7.0.2':
    resolution: {integrity: sha512-W5NH4y/J0plIIS5b2xvTEkU7JFxyqdMAOgf+Ilhl0vHQXKO5dZoxd+C/jEtq56c4F3wk71RB4BMRQ2XdI+bwYQ==}
    engines: {node: '>=16.20.0'}
    cpu: [arm64]
    os: [freebsd]

  '@typescript/typescript-freebsd-x64@7.0.2':
    resolution: {integrity: sha512-UMGDx5sTpzNw3WiPebH7l90IWfJggEd+egHt/q6p7/Cm3zqoV7VxkGXt+3DxPIw8CcmvAB0j3sVVfbhX+M4Tpw==}
    engines: {node: '>=16.20.0'}
    cpu: [x64]
    os: [freebsd]

  '@typescript/typescript-linux-arm64@7.0.2':
    resolution: {integrity: sha512-Qh4eU4/y3yDjnfjjyPYihMj5/ODIlmt+Bzu17OI+fiSRDW57QmU5SiN63exPRNJPKUzcc1INa1NXdrJ+MqHjUQ==}
    engines: {node: '>=16.20.0'}
    cpu: [arm64]
    os: [linux]

  '@typescript/typescript-linux-arm@7.0.2':
    resolution: {integrity: sha512-gffT3xPz9sR7j/YJExkyPntrI0P2EP9XbOyWzth2/Gs0RstK+90RBcO0ncXoXy/beYll1SXw846Nf2zdnEz0QQ==}
    engines: {node: '>=16.20.0'}
    cpu: [arm]
    os: [linux]

  '@typescript/typescript-linux-loong64@7.0.2':
    resolution: {integrity: sha512-uEHck9i8hoAzXPiYRib1O7miOnz23SxIeVl6F4LXox+qov1K35jHcEW6VHKvZI+pyvl7fZEP4MCU5LYvIq1GuQ==}
    engines: {node: '>=16.20.0'}
    cpu: [loong64]
    os: [linux]

  '@typescript/typescript-linux-mips64el@7.0.2':
    resolution: {integrity: sha512-R4KvAMnE43W5Qeqb0Ly56O3mWMWIAgsMyz36DCaycd5nbg/9kzm0liw3JocfRqyJY0KPmzFjbswozXyW0DnIYA==}
    engines: {node: '>=16.20.0'}
    cpu: [mips64el]
    os: [linux]

  '@typescript/typescript-linux-ppc64@7.0.2':
    resolution: {integrity: sha512-DORx5b3sd/4S7eayxm4FQv+A7CrkUIGRaHiwI8oiHTAI1fAPWhF4J0vAlkC8biAlHSVVwxMQ3tjZ2/DVbnQiiA==}
    engines: {node: '>=16.20.0'}
    cpu: [ppc64]
    os: [linux]

  '@typescript/typescript-linux-riscv64@7.0.2':
    resolution: {integrity: sha512-wf0jqEDOjrPRnKwYRyyJDRo11KMbvMFrU+q4zqKyChODBzvlkbhNQfKvLxQCcwTpdDaXSHZTVuh0JoCrKCUMHQ==}
    engines: {node: '>=16.20.0'}
    cpu: [riscv64]
    os: [linux]

  '@typescript/typescript-linux-s390x@7.0.2':
    resolution: {integrity: sha512-IkwJc3L7yhytWd/ewjyxNDfOmswCm9GWMJT/ue/dU4aZNbwZeYAetq42VyLmsmSjvoX7z74X6ZaYCtzAr0EuGw==}
    engines: {node: '>=16.20.0'}
    cpu: [s390x]
    os: [linux]

  '@typescript/typescript-linux-x64@7.0.2':
    resolution: {integrity: sha512-EYdf2cNg7rgCWJnxCdJ+F3V39O8ihb37eHAu1LK8oAFizgTQbPOK7zHHXbPt8rX24COqODXeI3sIf0fCXG7H/A==}
    engines: {node: '>=16.20.0'}
    cpu: [x64]
    os: [linux]

  '@typescript/typescript-netbsd-arm64@7.0.2':
    resolution: {integrity: sha512-+polYF4MF04aPpO5FTkHran9yUQDSXqy5GiSDKpsll5jy3l3+g9QLhpf39T+ePtefhXLOGrLl0QIjkQP6VnelA==}
    engines: {node: '>=16.20.0'}
    cpu: [arm64]
    os: [netbsd]

  '@typescript/typescript-netbsd-x64@7.0.2':
    resolution: {integrity: sha512-8YIT0EHM/3dq10ZOVF/A7pc/YSMtbcecct4rWtexrnSCHOPcpC2KTLXfTCR6vDpnSiY12heNb1GiN/wu+T/FyA==}
    engines: {node: '>=16.20.0'}
    cpu: [x64]
    os: [netbsd]

  '@typescript/typescript-openbsd-arm64@7.0.2':
    resolution: {integrity: sha512-APT8+ClYnuYm1u9+kgGXoMj2VzWzcymwh2gNSQVySHfkRDGOTVkoWLjCmOQSaO+PoqQ57B0flRp9SA+7GnnkzQ==}
    engines: {node: '>=16.20.0'}
    cpu: [arm64]
    os: [openbsd]

  '@typescript/typescript-openbsd-x64@7.0.2':
    resolution: {integrity: sha512-yX7s+Q0Dln0Dt9tEzZsAjXXR/+ytBM7AlglaqyeMPxQszJ1JhlJdZ6jLA+IzldHtflX81em7lDao1xXu+aRRkg==}
    engines: {node: '>=16.20.0'}
    cpu: [x64]
    os: [openbsd]

  '@typescript/typescript-sunos-x64@7.0.2':
    resolution: {integrity: sha512-dLJDGaLZ1D4HPQn62u1n8mBDkJREwMsAkCdkwd4Ieqw+x3TUyTsqY0YiBCtE6H6OzzgGk3iuZ3vFWRS+E8/d1g==}
    engines: {node: '>=16.20.0'}
    cpu: [x64]
    os: [sunos]

  '@typescript/typescript-win32-arm64@7.0.2':
    resolution: {integrity: sha512-Gyl1Vy6OsWesLzmq+EP0Fb7b4Nid5232AvcA2SFcdYreldpNtYFFofPjnt62y9hQy7VTaZp65ICJjuAQRaVcIQ==}
    engines: {node: '>=16.20.0'}
    cpu: [arm64]
    os: [win32]

  '@typescript/typescript-win32-x64@7.0.2':
    resolution: {integrity: sha512-0BQ3HkAHHlKLSp1qRvf3SUhGpGsDuhB/jgFw75guyqbxJqEaS0Cw/VFO8i2nHglJUzQCRtMMR/IBAKE3ETMC4g==}
    engines: {node: '>=16.20.0'}
    cpu: [x64]
    os: [win32]

  actions-up@1.16.0:
    resolution: {integrity: sha512-i/2cDk8Z5YUatx1atmxmZx5jCe0z6nwpDvBiqf4FB7cTuKXnEvpwLbwDGlvKkwA7n+SOHxlosGgOhBJXtHW3IA==}
    engines: {node: ^18.3.0 || >=20.0.0}
    hasBin: true

  ansi-colors@4.1.3:
    resolution: {integrity: sha512-/6w/C21Pm1A7aZitlI5Ni/2J6FFQN8i1Cvz3kHABAAbw93v/NlvKdVOqz7CCWz/3iv/JplRSEEZ83XION15ovw==}
    engines: {node: '>=6'}

  ansi-regex@5.0.1:
    resolution: {integrity: sha512-quJQXlTSUGL2LH9SUXo8VwsY4soanhgo6LNSm84E1LBcE8s3O0wpdiRzyR9z/ZZJMlMWv37qOOb9pdJlMUEKFQ==}
    engines: {node: '>=8'}

  caniuse-db@1.0.30001806:
    resolution: {integrity: sha512-wqe7wO2rvZqVq+zUscPf8WsC6st2wuf3HCgnoUprJZRJ8XbD0jF7THMQ7wlO5omZFAlYJMxjgazC+XUHK+Ge+A==}

  dequal@2.0.3:
    resolution: {integrity: sha512-0je+qPKHEMohvfRTCEo3CrPG6cAzAYgmzKyxRiYSSDkS6eGJdyVJm7WaYA5ECaAD9wLB2T4EEeymA5aFVcYXCA==}
    engines: {node: '>=6'}

  diff@5.2.2:
    resolution: {integrity: sha512-vtcDfH3TOjP8UekytvnHH1o1P4FcUdt4eQ1Y+Abap1tk/OB2MWQvcwS2ClCd1zuIhc3JKOx6p3kod8Vfys3E+A==}
    engines: {node: '>=0.3.1'}

  enquirer@2.4.1:
    resolution: {integrity: sha512-rRqJg/6gd538VHvR3PSrdRBb/1Vy2YfzHqzvbhGIQpDRKIa4FgV/54b5Q1xYSxOOwKvjXweS26E0Q+nAMwp2pQ==}
    engines: {node: '>=8.6'}

  eslint-plugin-prefer-let@4.2.2:
    resolution: {integrity: sha512-FkCmQwZtc4nf6EKDKEYW/lWtApDXxsJA/VXWQQemLhIWWho676CJdgt53AMubOrSOTzzep0dBMP9zVFCCCdxsw==}
    engines: {node: '>=0.10.0'}

  jsesc@3.1.0:
    resolution: {integrity: sha512-/sM3dO2FOzXjKQhJuo0Q173wf2KOo8t4I8vHy6lF9poUp7bKT0/NHE8fPX23PwfhnykfqnC2xRxOnVw5XuGIaA==}
    engines: {node: '>=6'}
    hasBin: true

  kleur@4.1.5:
    resolution: {integrity: sha512-o+NO+8WrRiQEE4/7nwRJhN1HWpVmJm511pBHUxPLtp0BUISzlBplORYSmTclCnJvQq2tKu/sgl3xVpkc7ZWuQQ==}
    engines: {node: '>=6'}

  mri@1.2.0:
    resolution: {integrity: sha512-tzzskb3bG8LvYGFF/mDTpq3jpI6Q9wc3LEmBaghu+DdCssd1FakN7Bc0hVNmEyGq1bq3RgfkCb3cmQLpNPOroA==}
    engines: {node: '>=4'}

  nanospinner@1.2.2:
    resolution: {integrity: sha512-Zt/AmG6qRU3e+WnzGGLuMCEAO/dAu45stNbHY223tUxldaDAeE+FxSPsd9Q+j+paejmm0ZbrNVs5Sraqy3dRxA==}

  oxlint-tsgolint@0.24.0:
    resolution: {integrity: sha512-giCk5sEvG02d5tzPmFMX3hem8ndzEEu1xvGYS5OwNfO2WGl6ZVxt5LjE0yiMDoz94INI7XkXwgFAQiydPvVHDw==}
    hasBin: true

  oxlint@1.73.0:
    resolution: {integrity: sha512-u91G9TJzU6yqKWNZUYprQB07W7YvntZXaRxQ6CkoytepYhLWUXWsr1M8zUJ34VatNPuUAr3Z8GH+O2A331CluQ==}
    engines: {node: ^20.19.0 || >=22.12.0}
    hasBin: true
    peerDependencies:
      oxlint-tsgolint: '>=0.24.0'
      vite-plus: '*'
    peerDependenciesMeta:
      oxlint-tsgolint:
        optional: true
      vite-plus:
        optional: true

  picocolors@1.1.1:
    resolution: {integrity: sha512-xceH2snhtb5M9liqDsmEw56le376mTZkEX/jEb/RxNFyegNul7eNslCXP9FDj/Lcu0X8KEyMceP2ntpaHrDEVA==}

  requireindex@1.2.0:
    resolution: {integrity: sha512-L9jEkOi3ASd9PYit2cwRfyppc9NoABujTP8/5gFcbERmo5jUoAKovIC3fsF17pkTnGsrByysqX+Kxd2OTNI1ww==}
    engines: {node: '>=0.10.5'}

  sade@1.8.1:
    resolution: {integrity: sha512-xal3CZX1Xlo/k4ApwCFrHVACi9fBqJ7V+mwhBsuf/1IOKbBy098Fex+Wa/5QMubw09pSZ/u8EY8PWgevJsXp1A==}
    engines: {node: '>=6'}

  semver@7.8.5:
    resolution: {integrity: sha512-Y7/KDsb8LjooZpwaqGyulO6DQlksgCncchHGk+sZIY4SBvUocMBEFH5Ur1fI4dV+Jvl0w6cjvucaIi40puRioA==}
    engines: {node: '>=10'}
    hasBin: true

  strip-ansi@6.0.1:
    resolution: {integrity: sha512-Y38VPSHcqkFrCpFnQ9vuSXmquuv5oXOKpGeT6aGrr3o3Gc9AlVa6JBfUSOCnbxGGZF+/0ooI7KrPuUSztUdU5A==}
    engines: {node: '>=8'}

  typescript@7.0.2:
    resolution: {integrity: sha512-8FYau96o3NKOhbjKi/qNvG/W5jhzxkbdm5sj9AbZ/5T5sWqn3hJgLfGx27sRKZWTvyzCP8dLRBTf5tBTSRVUNA==}
    engines: {node: '>=16.20.0'}
    hasBin: true

  uvu@0.5.6:
    resolution: {integrity: sha512-+g8ENReyr8YsOc6fv/NVJs2vFdHBnBNdfE49rshrTzDWOlUx4Gq7KOS2GD8eqhy2j+Ejq29+SbKH8yjkAqXqoA==}
    engines: {node: '>=8'}
    hasBin: true

  yaml@2.9.0:
    resolution: {integrity: sha512-2AvhNX3mb8zd6Zy7INTtSpl1F15HW6Wnqj0srWlkKLcpYl/gMIMJiyuGq2KeI2YFxUPjdlB+3Lc10seMLtL4cA==}
    engines: {node: '>= 14.6'}
    hasBin: true

snapshots:

  '@babel/generator@7.29.7':
    dependencies:
      '@babel/parser': 7.29.7
      '@babel/types': 7.29.7
      '@jridgewell/gen-mapping': 0.3.13
      '@jridgewell/trace-mapping': 0.3.31
      jsesc: 3.1.0

  '@babel/helper-string-parser@7.29.7': {}

  '@babel/helper-validator-identifier@7.29.7': {}

  '@babel/parser@7.29.7':
    dependencies:
      '@babel/types': 7.29.7

  '@babel/types@7.29.7':
    dependencies:
      '@babel/helper-string-parser': 7.29.7
      '@babel/helper-validator-identifier': 7.29.7

  '@jridgewell/gen-mapping@0.3.13':
    dependencies:
      '@jridgewell/sourcemap-codec': 1.5.5
      '@jridgewell/trace-mapping': 0.3.31

  '@jridgewell/resolve-uri@3.1.2': {}

  '@jridgewell/sourcemap-codec@1.5.5': {}

  '@jridgewell/trace-mapping@0.3.31':
    dependencies:
      '@jridgewell/resolve-uri': 3.1.2
      '@jridgewell/sourcemap-codec': 1.5.5

  '@logux/oxc-configs@0.4.1(oxlint-tsgolint@0.24.0)(oxlint@1.73.0(oxlint-tsgolint@0.24.0))(typescript@7.0.2)':
    dependencies:
      eslint-plugin-prefer-let: 4.2.2
      oxlint: 1.73.0(oxlint-tsgolint@0.24.0)
      oxlint-tsgolint: 0.24.0
      typescript: 7.0.2

  '@mdn/browser-compat-data@8.0.6': {}

  '@oxlint-tsgolint/darwin-arm64@0.24.0':
    optional: true

  '@oxlint-tsgolint/darwin-x64@0.24.0':
    optional: true

  '@oxlint-tsgolint/linux-arm64@0.24.0':
    optional: true

  '@oxlint-tsgolint/linux-x64@0.24.0':
    optional: true

  '@oxlint-tsgolint/win32-arm64@0.24.0':
    optional: true

  '@oxlint-tsgolint/win32-x64@0.24.0':
    optional: true

  '@oxlint/binding-android-arm-eabi@1.73.0':
    optional: true

  '@oxlint/binding-android-arm64@1.73.0':
    optional: true

  '@oxlint/binding-darwin-arm64@1.73.0':
    optional: true

  '@oxlint/binding-darwin-x64@1.73.0':
    optional: true

  '@oxlint/binding-freebsd-x64@1.73.0':
    optional: true

  '@oxlint/binding-linux-arm-gnueabihf@1.73.0':
    optional: true

  '@oxlint/binding-linux-arm-musleabihf@1.73.0':
    optional: true

  '@oxlint/binding-linux-arm64-gnu@1.73.0':
    optional: true

  '@oxlint/binding-linux-arm64-musl@1.73.0':
    optional: true

  '@oxlint/binding-linux-ppc64-gnu@1.73.0':
    optional: true

  '@oxlint/binding-linux-riscv64-gnu@1.73.0':
    optional: true

  '@oxlint/binding-linux-riscv64-musl@1.73.0':
    optional: true

  '@oxlint/binding-linux-s390x-gnu@1.73.0':
    optional: true

  '@oxlint/binding-linux-x64-gnu@1.73.0':
    optional: true

  '@oxlint/binding-linux-x64-musl@1.73.0':
    optional: true

  '@oxlint/binding-openharmony-arm64@1.73.0':
    optional: true

  '@oxlint/binding-win32-arm64-msvc@1.73.0':
    optional: true

  '@oxlint/binding-win32-ia32-msvc@1.73.0':
    optional: true

  '@oxlint/binding-win32-x64-msvc@1.73.0':
    optional: true

  '@typescript/typescript-aix-ppc64@7.0.2':
    optional: true

  '@typescript/typescript-darwin-arm64@7.0.2':
    optional: true

  '@typescript/typescript-darwin-x64@7.0.2':
    optional: true

  '@typescript/typescript-freebsd-arm64@7.0.2':
    optional: true

  '@typescript/typescript-freebsd-x64@7.0.2':
    optional: true

  '@typescript/typescript-linux-arm64@7.0.2':
    optional: true

  '@typescript/typescript-linux-arm@7.0.2':
    optional: true

  '@typescript/typescript-linux-loong64@7.0.2':
    optional: true

  '@typescript/typescript-linux-mips64el@7.0.2':
    optional: true

  '@typescript/typescript-linux-ppc64@7.0.2':
    optional: true

  '@typescript/typescript-linux-riscv64@7.0.2':
    optional: true

  '@typescript/typescript-linux-s390x@7.0.2':
    optional: true

  '@typescript/typescript-linux-x64@7.0.2':
    optional: true

  '@typescript/typescript-netbsd-arm64@7.0.2':
    optional: true

  '@typescript/typescript-netbsd-x64@7.0.2':
    optional: true

  '@typescript/typescript-openbsd-arm64@7.0.2':
    optional: true

  '@typescript/typescript-openbsd-x64@7.0.2':
    optional: true

  '@typescript/typescript-sunos-x64@7.0.2':
    optional: true

  '@typescript/typescript-win32-arm64@7.0.2':
    optional: true

  '@typescript/typescript-win32-x64@7.0.2':
    optional: true

  actions-up@1.16.0:
    dependencies:
      enquirer: 2.4.1
      nanospinner: 1.2.2
      picocolors: 1.1.1
      semver: 7.8.5
      yaml: 2.9.0

  ansi-colors@4.1.3: {}

  ansi-regex@5.0.1: {}

  caniuse-db@1.0.30001806: {}

  dequal@2.0.3: {}

  diff@5.2.2: {}

  enquirer@2.4.1:
    dependencies:
      ansi-colors: 4.1.3
      strip-ansi: 6.0.1

  eslint-plugin-prefer-let@4.2.2:
    dependencies:
      requireindex: 1.2.0

  jsesc@3.1.0: {}

  kleur@4.1.5: {}

  mri@1.2.0: {}

  nanospinner@1.2.2:
    dependencies:
      picocolors: 1.1.1

  oxlint-tsgolint@0.24.0:
    optionalDependencies:
      '@oxlint-tsgolint/darwin-arm64': 0.24.0
      '@oxlint-tsgolint/darwin-x64': 0.24.0
      '@oxlint-tsgolint/linux-arm64': 0.24.0
      '@oxlint-tsgolint/linux-x64': 0.24.0
      '@oxlint-tsgolint/win32-arm64': 0.24.0
      '@oxlint-tsgolint/win32-x64': 0.24.0

  oxlint@1.73.0(oxlint-tsgolint@0.24.0):
    optionalDependencies:
      '@oxlint/binding-android-arm-eabi': 1.73.0
      '@oxlint/binding-android-arm64': 1.73.0
      '@oxlint/binding-darwin-arm64': 1.73.0
      '@oxlint/binding-darwin-x64': 1.73.0
      '@oxlint/binding-freebsd-x64': 1.73.0
      '@oxlint/binding-linux-arm-gnueabihf': 1.73.0
      '@oxlint/binding-linux-arm-musleabihf': 1.73.0
      '@oxlint/binding-linux-arm64-gnu': 1.73.0
      '@oxlint/binding-linux-arm64-musl': 1.73.0
      '@oxlint/binding-linux-ppc64-gnu': 1.73.0
      '@oxlint/binding-linux-riscv64-gnu': 1.73.0
      '@oxlint/binding-linux-riscv64-musl': 1.73.0
      '@oxlint/binding-linux-s390x-gnu': 1.73.0
      '@oxlint/binding-linux-x64-gnu': 1.73.0
      '@oxlint/binding-linux-x64-musl': 1.73.0
      '@oxlint/binding-openharmony-arm64': 1.73.0
      '@oxlint/binding-win32-arm64-msvc': 1.73.0
      '@oxlint/binding-win32-ia32-msvc': 1.73.0
      '@oxlint/binding-win32-x64-msvc': 1.73.0
      oxlint-tsgolint: 0.24.0

  picocolors@1.1.1: {}

  requireindex@1.2.0: {}

  sade@1.8.1:
    dependencies:
      mri: 1.2.0

  semver@7.8.5: {}

  strip-ansi@6.0.1:
    dependencies:
      ansi-regex: 5.0.1

  typescript@7.0.2:
    optionalDependencies:
      '@typescript/typescript-aix-ppc64': 7.0.2
      '@typescript/typescript-darwin-arm64': 7.0.2
      '@typescript/typescript-darwin-x64': 7.0.2
      '@typescript/typescript-freebsd-arm64': 7.0.2
      '@typescript/typescript-freebsd-x64': 7.0.2
      '@typescript/typescript-linux-arm': 7.0.2
      '@typescript/typescript-linux-arm64': 7.0.2
      '@typescript/typescript-linux-loong64': 7.0.2
      '@typescript/typescript-linux-mips64el': 7.0.2
      '@typescript/typescript-linux-ppc64': 7.0.2
      '@typescript/typescript-linux-riscv64': 7.0.2
      '@typescript/typescript-linux-s390x': 7.0.2
      '@typescript/typescript-linux-x64': 7.0.2
      '@typescript/typescript-netbsd-arm64': 7.0.2
      '@typescript/typescript-netbsd-x64': 7.0.2
      '@typescript/typescript-openbsd-arm64': 7.0.2
      '@typescript/typescript-openbsd-x64': 7.0.2
      '@typescript/typescript-sunos-x64': 7.0.2
      '@typescript/typescript-win32-arm64': 7.0.2
      '@typescript/typescript-win32-x64': 7.0.2

  uvu@0.5.6:
    dependencies:
      dequal: 2.0.3
      diff: 5.2.2
      kleur: 4.1.5
      sade: 1.8.1

  yaml@2.9.0: {}
